
Microsoft Visual Studio Solution File, Format Version 12.00
# Visual Studio Version 16
VisualStudioVersion = 16.0.30309.148
MinimumVisualStudioVersion = 10.0.40219.1
Project("{FAE04EC0-301F-11D3-BF4B-00C04F79EFBC}") = "AuthTest.API", "AuthTest.API\AuthTest.API.csproj", "{D565C63B-7DC1-49B9-BE84-3B0465557AEE}"
EndProject
Global
	GlobalSection(SolutionConfigurationPlatforms) = preSolution
		Debug|Any CPU = Debug|Any CPU
		Release|Any CPU = Release|Any CPU
	EndGlobalSection
	GlobalSection(ProjectConfigurationPlatforms) = postSolution
		{D565C63B-7DC1-49B9-BE84-3B0465557AEE}.Debug|Any CPU.ActiveCfg = Debug|Any CPU
		{D565C63B-7DC1-49B9-BE84-3B0465557AEE}.Debug|Any CPU.Build.0 = Debug|Any CPU
		{D565C63B-7DC1-49B9-BE84-3B0465557AEE}.Release|Any CPU.ActiveCfg = Release|Any CPU
		{D565C63B-7DC1-49B9-BE84-3B0465557AEE}.Release|Any CPU.Build.0 = Release|Any CPU
	EndGlobalSection
	GlobalSection(SolutionProperties) = preSolution
		HideSolutionNode = FALSE
	EndGlobalSection
	GlobalSection(ExtensibilityGlobals) = postSolution
		SolutionGuid = {B9E07EFF-64BF-4C36-AFED-1298067CC053}
	EndGlobalSection
EndGlobal
